
Microsoft Visual Studio Solution File, Format Version 12.00
# Visual Studio Version 17
VisualStudioVersion = 17.2.32526.322
MinimumVisualStudioVersion = 10.0.40219.1
Project("{FAE04EC0-301F-11D3-BF4B-00C04F79EFBC}") = "GenericClasses", "GenericClasses\GenericClasses.csproj", "{D7F863B2-54B7-40C6-8AD9-359B5E4EDBA1}"
EndProject
Project("{FAE04EC0-301F-11D3-BF4B-00C04F79EFBC}") = "GerericClass", "GerericClass\GerericClass.csproj", "{50B67175-F8EF-468E-B25E-285F4C5EC58B}"
EndProject
Global
	GlobalSection(SolutionConfigurationPlatforms) = preSolution
		Debug|Any CPU = Debug|Any CPU
		Release|Any CPU = Release|Any CPU
	EndGlobalSection
	GlobalSection(ProjectConfigurationPlatforms) = postSolution
		{D7F863B2-54B7-40C6-8AD9-359B5E4EDBA1}.Debug|Any CPU.ActiveCfg = Debug|Any CPU
		{D7F863B2-54B7-40C6-8AD9-359B5E4EDBA1}.Debug|Any CPU.Build.0 = Debug|Any CPU
		{D7F863B2-54B7-40C6-8AD9-359B5E4EDBA1}.Release|Any CPU.ActiveCfg = Release|Any CPU
		{D7F863B2-54B7-40C6-8AD9-359B5E4EDBA1}.Release|Any CPU.Build.0 = Release|Any CPU
		{50B67175-F8EF-468E-B25E-285F4C5EC58B}.Debug|Any CPU.ActiveCfg = Debug|Any CPU
		{50B67175-F8EF-468E-B25E-285F4C5EC58B}.Debug|Any CPU.Build.0 = Debug|Any CPU
		{50B67175-F8EF-468E-B25E-285F4C5EC58B}.Release|Any CPU.ActiveCfg = Release|Any CPU
		{50B67175-F8EF-468E-B25E-285F4C5EC58B}.Release|Any CPU.Build.0 = Release|Any CPU
	EndGlobalSection
	GlobalSection(SolutionProperties) = preSolution
		HideSolutionNode = FALSE
	EndGlobalSection
	GlobalSection(ExtensibilityGlobals) = postSolution
		SolutionGuid = {E95380B8-5D0D-455C-B53C-165B960FAD65}
	EndGlobalSection
EndGlobal
