
Microsoft Visual Studio Solution File, Format Version 12.00
# Visual Studio Version 17
VisualStudioVersion = 17.2.32526.322
MinimumVisualStudioVersion = 10.0.40219.1
Project("{FAE04EC0-301F-11D3-BF4B-00C04F79EFBC}") = "PatternPrinting", "PatternPrinting\PatternPrinting.csproj", "{304A609E-EB8D-4078-90D4-56480ECFDFF7}"
EndProject
Global
	GlobalSection(SolutionConfigurationPlatforms) = preSolution
		Debug|Any CPU = Debug|Any CPU
		Release|Any CPU = Release|Any CPU
	EndGlobalSection
	GlobalSection(ProjectConfigurationPlatforms) = postSolution
		{304A609E-EB8D-4078-90D4-56480ECFDFF7}.Debug|Any CPU.ActiveCfg = Debug|Any CPU
		{304A609E-EB8D-4078-90D4-56480ECFDFF7}.Debug|Any CPU.Build.0 = Debug|Any CPU
		{304A609E-EB8D-4078-90D4-56480ECFDFF7}.Release|Any CPU.ActiveCfg = Release|Any CPU
		{304A609E-EB8D-4078-90D4-56480ECFDFF7}.Release|Any CPU.Build.0 = Release|Any CPU
	EndGlobalSection
	GlobalSection(SolutionProperties) = preSolution
		HideSolutionNode = FALSE
	EndGlobalSection
	GlobalSection(ExtensibilityGlobals) = postSolution
		SolutionGuid = {89FFFE36-CF11-4B5B-B6AD-318563BFBFE9}
	EndGlobalSection
EndGlobal
