
Microsoft Visual Studio Solution File, Format Version 12.00
# Visual Studio Version 17
VisualStudioVersion = 17.2.32526.322
MinimumVisualStudioVersion = 10.0.40219.1
Project("{FAE04EC0-301F-11D3-BF4B-00C04F79EFBC}") = "GenericMethods", "GenericMethods\GenericMethods.csproj", "{0ABAE664-BB2B-4D00-994E-159D121AAD5A}"
EndProject
Project("{FAE04EC0-301F-11D3-BF4B-00C04F79EFBC}") = "ClassLibrary1", "ClassLibrary1\ClassLibrary1.csproj", "{FFD5307C-9A37-4D30-AD1D-D9BABCD01C2C}"
EndProject
Global
	GlobalSection(SolutionConfigurationPlatforms) = preSolution
		Debug|Any CPU = Debug|Any CPU
		Release|Any CPU = Release|Any CPU
	EndGlobalSection
	GlobalSection(ProjectConfigurationPlatforms) = postSolution
		{0ABAE664-BB2B-4D00-994E-159D121AAD5A}.Debug|Any CPU.ActiveCfg = Debug|Any CPU
		{0ABAE664-BB2B-4D00-994E-159D121AAD5A}.Debug|Any CPU.Build.0 = Debug|Any CPU
		{0ABAE664-BB2B-4D00-994E-159D121AAD5A}.Release|Any CPU.ActiveCfg = Release|Any CPU
		{0ABAE664-BB2B-4D00-994E-159D121AAD5A}.Release|Any CPU.Build.0 = Release|Any CPU
		{FFD5307C-9A37-4D30-AD1D-D9BABCD01C2C}.Debug|Any CPU.ActiveCfg = Debug|Any CPU
		{FFD5307C-9A37-4D30-AD1D-D9BABCD01C2C}.Debug|Any CPU.Build.0 = Debug|Any CPU
		{FFD5307C-9A37-4D30-AD1D-D9BABCD01C2C}.Release|Any CPU.ActiveCfg = Release|Any CPU
		{FFD5307C-9A37-4D30-AD1D-D9BABCD01C2C}.Release|Any CPU.Build.0 = Release|Any CPU
	EndGlobalSection
	GlobalSection(SolutionProperties) = preSolution
		HideSolutionNode = FALSE
	EndGlobalSection
	GlobalSection(ExtensibilityGlobals) = postSolution
		SolutionGuid = {86C6BA73-E0C8-41C3-B116-D9F5EDF22D81}
	EndGlobalSection
EndGlobal
