
Microsoft Visual Studio Solution File, Format Version 12.00
# Visual Studio Version 17
VisualStudioVersion = 17.2.32526.322
MinimumVisualStudioVersion = 10.0.40219.1
Project("{FAE04EC0-301F-11D3-BF4B-00C04F79EFBC}") = "ClassesObjectReference", "ClassesObjectReference\ClassesObjectReference.csproj", "{B5095CA4-4A45-404D-99E1-247AFA62DF84}"
EndProject
Project("{FAE04EC0-301F-11D3-BF4B-00C04F79EFBC}") = "Customer", "Customer\Customer.csproj", "{C008C0C3-D7E7-46F0-8A47-7B8A3A02CF94}"
EndProject
Global
	GlobalSection(SolutionConfigurationPlatforms) = preSolution
		Debug|Any CPU = Debug|Any CPU
		Release|Any CPU = Release|Any CPU
	EndGlobalSection
	GlobalSection(ProjectConfigurationPlatforms) = postSolution
		{B5095CA4-4A45-404D-99E1-247AFA62DF84}.Debug|Any CPU.ActiveCfg = Debug|Any CPU
		{B5095CA4-4A45-404D-99E1-247AFA62DF84}.Debug|Any CPU.Build.0 = Debug|Any CPU
		{B5095CA4-4A45-404D-99E1-247AFA62DF84}.Release|Any CPU.ActiveCfg = Release|Any CPU
		{B5095CA4-4A45-404D-99E1-247AFA62DF84}.Release|Any CPU.Build.0 = Release|Any CPU
		{C008C0C3-D7E7-46F0-8A47-7B8A3A02CF94}.Debug|Any CPU.ActiveCfg = Debug|Any CPU
		{C008C0C3-D7E7-46F0-8A47-7B8A3A02CF94}.Debug|Any CPU.Build.0 = Debug|Any CPU
		{C008C0C3-D7E7-46F0-8A47-7B8A3A02CF94}.Release|Any CPU.ActiveCfg = Release|Any CPU
		{C008C0C3-D7E7-46F0-8A47-7B8A3A02CF94}.Release|Any CPU.Build.0 = Release|Any CPU
	EndGlobalSection
	GlobalSection(SolutionProperties) = preSolution
		HideSolutionNode = FALSE
	EndGlobalSection
	GlobalSection(ExtensibilityGlobals) = postSolution
		SolutionGuid = {1B3BB527-67F2-4437-8FBB-41CFF4495E22}
	EndGlobalSection
EndGlobal
