
Microsoft Visual Studio Solution File, Format Version 12.00
# Visual Studio Version 16
VisualStudioVersion = 16.0.32602.291
MinimumVisualStudioVersion = 10.0.40219.1
Project("{FAE04EC0-301F-11D3-BF4B-00C04F79EFBC}") = "AnonymousTypes", "AnonymousTypes\AnonymousTypes.csproj", "{7B44B7D1-3C5D-470D-A99E-B4722CD56E8E}"
EndProject
Project("{FAE04EC0-301F-11D3-BF4B-00C04F79EFBC}") = "CallOfDuty", "CallOfDuty\CallOfDuty.csproj", "{798D906D-5D77-466E-B859-DA569D3C1188}"
EndProject
Global
	GlobalSection(SolutionConfigurationPlatforms) = preSolution
		Debug|Any CPU = Debug|Any CPU
		Release|Any CPU = Release|Any CPU
	EndGlobalSection
	GlobalSection(ProjectConfigurationPlatforms) = postSolution
		{7B44B7D1-3C5D-470D-A99E-B4722CD56E8E}.Debug|Any CPU.ActiveCfg = Debug|Any CPU
		{7B44B7D1-3C5D-470D-A99E-B4722CD56E8E}.Debug|Any CPU.Build.0 = Debug|Any CPU
		{7B44B7D1-3C5D-470D-A99E-B4722CD56E8E}.Release|Any CPU.ActiveCfg = Release|Any CPU
		{7B44B7D1-3C5D-470D-A99E-B4722CD56E8E}.Release|Any CPU.Build.0 = Release|Any CPU
		{798D906D-5D77-466E-B859-DA569D3C1188}.Debug|Any CPU.ActiveCfg = Debug|Any CPU
		{798D906D-5D77-466E-B859-DA569D3C1188}.Debug|Any CPU.Build.0 = Debug|Any CPU
		{798D906D-5D77-466E-B859-DA569D3C1188}.Release|Any CPU.ActiveCfg = Release|Any CPU
		{798D906D-5D77-466E-B859-DA569D3C1188}.Release|Any CPU.Build.0 = Release|Any CPU
	EndGlobalSection
	GlobalSection(SolutionProperties) = preSolution
		HideSolutionNode = FALSE
	EndGlobalSection
	GlobalSection(ExtensibilityGlobals) = postSolution
		SolutionGuid = {3AD15D08-14DB-4021-84F7-3C539E9FEFDD}
	EndGlobalSection
EndGlobal
