
Microsoft Visual Studio Solution File, Format Version 12.00
# Visual Studio Version 17
VisualStudioVersion = 17.2.32526.322
MinimumVisualStudioVersion = 10.0.40219.1
Project("{FAE04EC0-301F-11D3-BF4B-00C04F79EFBC}") = "NearestThousand", "NearestThousand\NearestThousand.csproj", "{CC62713F-6E91-4451-B34F-ED9BE91A704E}"
EndProject
Global
	GlobalSection(SolutionConfigurationPlatforms) = preSolution
		Debug|Any CPU = Debug|Any CPU
		Release|Any CPU = Release|Any CPU
	EndGlobalSection
	GlobalSection(ProjectConfigurationPlatforms) = postSolution
		{CC62713F-6E91-4451-B34F-ED9BE91A704E}.Debug|Any CPU.ActiveCfg = Debug|Any CPU
		{CC62713F-6E91-4451-B34F-ED9BE91A704E}.Debug|Any CPU.Build.0 = Debug|Any CPU
		{CC62713F-6E91-4451-B34F-ED9BE91A704E}.Release|Any CPU.ActiveCfg = Release|Any CPU
		{CC62713F-6E91-4451-B34F-ED9BE91A704E}.Release|Any CPU.Build.0 = Release|Any CPU
	EndGlobalSection
	GlobalSection(SolutionProperties) = preSolution
		HideSolutionNode = FALSE
	EndGlobalSection
	GlobalSection(ExtensibilityGlobals) = postSolution
		SolutionGuid = {64A4BA9B-0CCB-4876-9088-6DAD8E44FCD1}
	EndGlobalSection
EndGlobal
