
Microsoft Visual Studio Solution File, Format Version 12.00
# Visual Studio Version 17
VisualStudioVersion = 17.2.32526.322
MinimumVisualStudioVersion = 10.0.40219.1
Project("{FAE04EC0-301F-11D3-BF4B-00C04F79EFBC}") = "MyFirstApp", "MyFirstApp\MyFirstApp.csproj", "{DF823DC1-925D-4275-9CC7-3CAACE8E56FF}"
EndProject
Global
	GlobalSection(SolutionConfigurationPlatforms) = preSolution
		Debug|Any CPU = Debug|Any CPU
		Release|Any CPU = Release|Any CPU
	EndGlobalSection
	GlobalSection(ProjectConfigurationPlatforms) = postSolution
		{DF823DC1-925D-4275-9CC7-3CAACE8E56FF}.Debug|Any CPU.ActiveCfg = Debug|Any CPU
		{DF823DC1-925D-4275-9CC7-3CAACE8E56FF}.Debug|Any CPU.Build.0 = Debug|Any CPU
		{DF823DC1-925D-4275-9CC7-3CAACE8E56FF}.Release|Any CPU.ActiveCfg = Release|Any CPU
		{DF823DC1-925D-4275-9CC7-3CAACE8E56FF}.Release|Any CPU.Build.0 = Release|Any CPU
	EndGlobalSection
	GlobalSection(SolutionProperties) = preSolution
		HideSolutionNode = FALSE
	EndGlobalSection
	GlobalSection(ExtensibilityGlobals) = postSolution
		SolutionGuid = {79610F96-8DAF-4A7F-B293-D575E62A37FF}
	EndGlobalSection
EndGlobal
