
Microsoft Visual Studio Solution File, Format Version 12.00
# Visual Studio Version 16
VisualStudioVersion = 16.0.32602.291
MinimumVisualStudioVersion = 10.0.40219.1
Project("{FAE04EC0-301F-11D3-BF4B-00C04F79EFBC}") = "MCQBasic", "MCQBasic\MCQBasic.csproj", "{A7B49772-F566-4A00-B5DB-C89A095EC07C}"
EndProject
Project("{FAE04EC0-301F-11D3-BF4B-00C04F79EFBC}") = "TestPapers", "TestPapers\TestPapers.csproj", "{4C0D39C5-2D59-4612-BAC7-96AC46891D8C}"
EndProject
Project("{2150E333-8FDC-42A3-9474-1A3956D46DE8}") = "_scrap", "_scrap", "{24E2DBB6-7F4C-4980-BA5E-1DE4A4275BFA}"
	ProjectSection(SolutionItems) = preProject
		Class1.cs = Class1.cs
	EndProjectSection
EndProject
Global
	GlobalSection(SolutionConfigurationPlatforms) = preSolution
		Debug|Any CPU = Debug|Any CPU
		Release|Any CPU = Release|Any CPU
	EndGlobalSection
	GlobalSection(ProjectConfigurationPlatforms) = postSolution
		{A7B49772-F566-4A00-B5DB-C89A095EC07C}.Debug|Any CPU.ActiveCfg = Debug|Any CPU
		{A7B49772-F566-4A00-B5DB-C89A095EC07C}.Debug|Any CPU.Build.0 = Debug|Any CPU
		{A7B49772-F566-4A00-B5DB-C89A095EC07C}.Release|Any CPU.ActiveCfg = Release|Any CPU
		{A7B49772-F566-4A00-B5DB-C89A095EC07C}.Release|Any CPU.Build.0 = Release|Any CPU
		{4C0D39C5-2D59-4612-BAC7-96AC46891D8C}.Debug|Any CPU.ActiveCfg = Debug|Any CPU
		{4C0D39C5-2D59-4612-BAC7-96AC46891D8C}.Debug|Any CPU.Build.0 = Debug|Any CPU
		{4C0D39C5-2D59-4612-BAC7-96AC46891D8C}.Release|Any CPU.ActiveCfg = Release|Any CPU
		{4C0D39C5-2D59-4612-BAC7-96AC46891D8C}.Release|Any CPU.Build.0 = Release|Any CPU
	EndGlobalSection
	GlobalSection(SolutionProperties) = preSolution
		HideSolutionNode = FALSE
	EndGlobalSection
	GlobalSection(ExtensibilityGlobals) = postSolution
		SolutionGuid = {6F891AF1-671A-43B9-AD18-E1C5CC0A496C}
	EndGlobalSection
EndGlobal
