
Microsoft Visual Studio Solution File, Format Version 12.00
# Visual Studio Version 17
VisualStudioVersion = 17.2.32526.322
MinimumVisualStudioVersion = 10.0.40219.1
Project("{FAE04EC0-301F-11D3-BF4B-00C04F79EFBC}") = "InheritanceExample", "InheritanceExample\InheritanceExample.csproj", "{B1CB8944-5FCD-42FC-BD73-1866368EE0CA}"
EndProject
Project("{FAE04EC0-301F-11D3-BF4B-00C04F79EFBC}") = "ClassLibrary1", "ClassLibrary1\ClassLibrary1.csproj", "{B3C62D07-7731-4C87-8C89-CACA3AE56897}"
EndProject
Global
	GlobalSection(SolutionConfigurationPlatforms) = preSolution
		Debug|Any CPU = Debug|Any CPU
		Release|Any CPU = Release|Any CPU
	EndGlobalSection
	GlobalSection(ProjectConfigurationPlatforms) = postSolution
		{B1CB8944-5FCD-42FC-BD73-1866368EE0CA}.Debug|Any CPU.ActiveCfg = Debug|Any CPU
		{B1CB8944-5FCD-42FC-BD73-1866368EE0CA}.Debug|Any CPU.Build.0 = Debug|Any CPU
		{B1CB8944-5FCD-42FC-BD73-1866368EE0CA}.Release|Any CPU.ActiveCfg = Release|Any CPU
		{B1CB8944-5FCD-42FC-BD73-1866368EE0CA}.Release|Any CPU.Build.0 = Release|Any CPU
		{B3C62D07-7731-4C87-8C89-CACA3AE56897}.Debug|Any CPU.ActiveCfg = Debug|Any CPU
		{B3C62D07-7731-4C87-8C89-CACA3AE56897}.Debug|Any CPU.Build.0 = Debug|Any CPU
		{B3C62D07-7731-4C87-8C89-CACA3AE56897}.Release|Any CPU.ActiveCfg = Release|Any CPU
		{B3C62D07-7731-4C87-8C89-CACA3AE56897}.Release|Any CPU.Build.0 = Release|Any CPU
	EndGlobalSection
	GlobalSection(SolutionProperties) = preSolution
		HideSolutionNode = FALSE
	EndGlobalSection
	GlobalSection(ExtensibilityGlobals) = postSolution
		SolutionGuid = {C3C995B2-13FE-442A-8B92-8A79D77EDF9D}
	EndGlobalSection
EndGlobal
