
Microsoft Visual Studio Solution File, Format Version 12.00
# Visual Studio Version 17
VisualStudioVersion = 17.2.32526.322
MinimumVisualStudioVersion = 10.0.40219.1
Project("{FAE04EC0-301F-11D3-BF4B-00C04F79EFBC}") = "OperatorSyntax", "OperatorSyntax\OperatorSyntax.csproj", "{3FEF6B50-C534-4C99-B555-4729C09F8E3D}"
EndProject
Global
	GlobalSection(SolutionConfigurationPlatforms) = preSolution
		Debug|Any CPU = Debug|Any CPU
		Release|Any CPU = Release|Any CPU
	EndGlobalSection
	GlobalSection(ProjectConfigurationPlatforms) = postSolution
		{3FEF6B50-C534-4C99-B555-4729C09F8E3D}.Debug|Any CPU.ActiveCfg = Debug|Any CPU
		{3FEF6B50-C534-4C99-B555-4729C09F8E3D}.Debug|Any CPU.Build.0 = Debug|Any CPU
		{3FEF6B50-C534-4C99-B555-4729C09F8E3D}.Release|Any CPU.ActiveCfg = Release|Any CPU
		{3FEF6B50-C534-4C99-B555-4729C09F8E3D}.Release|Any CPU.Build.0 = Release|Any CPU
	EndGlobalSection
	GlobalSection(SolutionProperties) = preSolution
		HideSolutionNode = FALSE
	EndGlobalSection
	GlobalSection(ExtensibilityGlobals) = postSolution
		SolutionGuid = {8AF4AB4D-DBDE-4B0A-BAE4-624DA653ADF8}
	EndGlobalSection
EndGlobal
